
Microsoft Visual Studio Solution File, Format Version 12.00
Project("{2150E333-8FDC-42A3-9474-1A3956D46DE8}") = "src", "src", "{6488AD21-B4B2-488C-8BC9-3D362CEE1BFF}"
EndProject
Project("{2150E333-8FDC-42A3-9474-1A3956D46DE8}") = "tests", "tests", "{F2AF99C7-41B1-41BE-95B6-7DCDF61D47B1}"
EndProject
Project("{FAE04EC0-301F-11D3-BF4B-00C04F79EFBC}") = "Application", "src\Application\Application.csproj", "{EC33C4AD-7CE1-4FCB-BC70-3FFD3C268E03}"
EndProject
Project("{FAE04EC0-301F-11D3-BF4B-00C04F79EFBC}") = "Domain", "src\Domain\Domain.csproj", "{43916C72-BBF3-4ABC-BA58-7D668C760032}"
EndProject
Project("{FAE04EC0-301F-11D3-BF4B-00C04F79EFBC}") = "Infrastructure", "src\Infrastructure\Infrastructure.csproj", "{4EBED212-6F81-49A2-B500-1F191586C80F}"
EndProject
Project("{FAE04EC0-301F-11D3-BF4B-00C04F79EFBC}") = "Presentation", "src\Presentation\Presentation.csproj", "{D13F4AE3-4D2B-4B01-A5DF-C0560266C685}"
EndProject
Project("{FAE04EC0-301F-11D3-BF4B-00C04F79EFBC}") = "Tests", "tests\Tests\Tests.csproj", "{B8331A2B-8B16-49A3-9595-445E633C11FE}"
EndProject
Global
	GlobalSection(SolutionConfigurationPlatforms) = preSolution
		Debug|Any CPU = Debug|Any CPU
		Release|Any CPU = Release|Any CPU
	EndGlobalSection
	GlobalSection(ProjectConfigurationPlatforms) = postSolution
		{EC33C4AD-7CE1-4FCB-BC70-3FFD3C268E03}.Debug|Any CPU.ActiveCfg = Debug|Any CPU
		{EC33C4AD-7CE1-4FCB-BC70-3FFD3C268E03}.Debug|Any CPU.Build.0 = Debug|Any CPU
		{EC33C4AD-7CE1-4FCB-BC70-3FFD3C268E03}.Release|Any CPU.ActiveCfg = Release|Any CPU
		{EC33C4AD-7CE1-4FCB-BC70-3FFD3C268E03}.Release|Any CPU.Build.0 = Release|Any CPU
		{43916C72-BBF3-4ABC-BA58-7D668C760032}.Debug|Any CPU.ActiveCfg = Debug|Any CPU
		{43916C72-BBF3-4ABC-BA58-7D668C760032}.Debug|Any CPU.Build.0 = Debug|Any CPU
		{43916C72-BBF3-4ABC-BA58-7D668C760032}.Release|Any CPU.ActiveCfg = Release|Any CPU
		{43916C72-BBF3-4ABC-BA58-7D668C760032}.Release|Any CPU.Build.0 = Release|Any CPU
		{4EBED212-6F81-49A2-B500-1F191586C80F}.Debug|Any CPU.ActiveCfg = Debug|Any CPU
		{4EBED212-6F81-49A2-B500-1F191586C80F}.Debug|Any CPU.Build.0 = Debug|Any CPU
		{4EBED212-6F81-49A2-B500-1F191586C80F}.Release|Any CPU.ActiveCfg = Release|Any CPU
		{4EBED212-6F81-49A2-B500-1F191586C80F}.Release|Any CPU.Build.0 = Release|Any CPU
		{D13F4AE3-4D2B-4B01-A5DF-C0560266C685}.Debug|Any CPU.ActiveCfg = Debug|Any CPU
		{D13F4AE3-4D2B-4B01-A5DF-C0560266C685}.Debug|Any CPU.Build.0 = Debug|Any CPU
		{D13F4AE3-4D2B-4B01-A5DF-C0560266C685}.Release|Any CPU.ActiveCfg = Release|Any CPU
		{D13F4AE3-4D2B-4B01-A5DF-C0560266C685}.Release|Any CPU.Build.0 = Release|Any CPU
		{B8331A2B-8B16-49A3-9595-445E633C11FE}.Debug|Any CPU.ActiveCfg = Debug|Any CPU
		{B8331A2B-8B16-49A3-9595-445E633C11FE}.Debug|Any CPU.Build.0 = Debug|Any CPU
		{B8331A2B-8B16-49A3-9595-445E633C11FE}.Release|Any CPU.ActiveCfg = Release|Any CPU
		{B8331A2B-8B16-49A3-9595-445E633C11FE}.Release|Any CPU.Build.0 = Release|Any CPU
	EndGlobalSection
	GlobalSection(NestedProjects) = preSolution
		{EC33C4AD-7CE1-4FCB-BC70-3FFD3C268E03} = {6488AD21-B4B2-488C-8BC9-3D362CEE1BFF}
		{43916C72-BBF3-4ABC-BA58-7D668C760032} = {6488AD21-B4B2-488C-8BC9-3D362CEE1BFF}
		{4EBED212-6F81-49A2-B500-1F191586C80F} = {6488AD21-B4B2-488C-8BC9-3D362CEE1BFF}
		{D13F4AE3-4D2B-4B01-A5DF-C0560266C685} = {6488AD21-B4B2-488C-8BC9-3D362CEE1BFF}
		{B8331A2B-8B16-49A3-9595-445E633C11FE} = {F2AF99C7-41B1-41BE-95B6-7DCDF61D47B1}
	EndGlobalSection
EndGlobal
